
Microsoft Visual Studio Solution File, Format Version 12.00
# Visual Studio Version 17
VisualStudioVersion = 17.14.36327.8 d17.14
MinimumVisualStudioVersion = 10.0.40219.1
Project("{FAE04EC0-301F-11D3-BF4B-00C04F79EFBC}") = "InventoryManagementApp", "InventoryManagementApp\InventoryManagementApp.csproj", "{56515BF6-9BB9-4CA5-8123-D7AC3DA32052}"
EndProject
Global
	GlobalSection(SolutionConfigurationPlatforms) = preSolution
		Debug|Any CPU = Debug|Any CPU
		Release|Any CPU = Release|Any CPU
	EndGlobalSection
	GlobalSection(ProjectConfigurationPlatforms) = postSolution
		{56515BF6-9BB9-4CA5-8123-D7AC3DA32052}.Debug|Any CPU.ActiveCfg = Debug|Any CPU
		{56515BF6-9BB9-4CA5-8123-D7AC3DA32052}.Debug|Any CPU.Build.0 = Debug|Any CPU
		{56515BF6-9BB9-4CA5-8123-D7AC3DA32052}.Release|Any CPU.ActiveCfg = Release|Any CPU
		{56515BF6-9BB9-4CA5-8123-D7AC3DA32052}.Release|Any CPU.Build.0 = Release|Any CPU
	EndGlobalSection
	GlobalSection(SolutionProperties) = preSolution
		HideSolutionNode = FALSE
	EndGlobalSection
	GlobalSection(ExtensibilityGlobals) = postSolution
		SolutionGuid = {9D4EB270-CE26-4A21-A4AF-ADEAC9585FFB}
	EndGlobalSection
EndGlobal
